
Microsoft Visual Studio Solution File, Format Version 12.00
# Visual Studio Version 16
VisualStudioVersion = 16.0.32602.291
MinimumVisualStudioVersion = 10.0.40219.1
Project("{888888A0-9F3D-457C-B088-3A5042F75D52}") = "PythonLab3-2-1-10", "PythonLab3-2-1-10\PythonLab3-2-1-10.pyproj", "{C02AE4BD-7070-4040-A4E4-45856AA49B6C}"
EndProject
Global
	GlobalSection(SolutionConfigurationPlatforms) = preSolution
		Debug|Any CPU = Debug|Any CPU
		Release|Any CPU = Release|Any CPU
	EndGlobalSection
	GlobalSection(ProjectConfigurationPlatforms) = postSolution
		{C02AE4BD-7070-4040-A4E4-45856AA49B6C}.Debug|Any CPU.ActiveCfg = Debug|Any CPU
		{C02AE4BD-7070-4040-A4E4-45856AA49B6C}.Release|Any CPU.ActiveCfg = Release|Any CPU
	EndGlobalSection
	GlobalSection(SolutionProperties) = preSolution
		HideSolutionNode = FALSE
	EndGlobalSection
	GlobalSection(ExtensibilityGlobals) = postSolution
		SolutionGuid = {6F33CBE3-7430-4A5A-8942-A6FFB2224F48}
	EndGlobalSection
EndGlobal
